# THIS IS AN AUTOGENERATED FILE. DO NOT EDIT THIS FILE DIRECTLY.
# yarn lockfile v1


"@babel/runtime@^7.10.2", "@babel/runtime@^7.13.10":
  version "7.20.0"
  resolved "https://registry.yarnpkg.com/@babel/runtime/-/runtime-7.20.0.tgz#824a9ef325ffde6f78056059db3168c08785e24a"
  integrity sha512-NDYdls71fTXoU8TZHfbBWg7DiZfNzClcKui/+kyi6ppD2L1qnWW3VV6CjtaBXSUGGhiTWJ6ereOIkUvenif66Q==
  dependencies:
    regenerator-runtime "^0.13.10"

"@floating-ui/core@^1.0.1":
  version "1.0.1"
  resolved "https://registry.yarnpkg.com/@floating-ui/core/-/core-1.0.1.tgz#00e64d74e911602c8533957af0cce5af6b2e93c8"
  integrity sha512-bO37brCPfteXQfFY0DyNDGB3+IMe4j150KFQcgJ5aBP295p9nBGeHEs/p0czrRbtlHq4Px/yoPXO/+dOCcF4uA==

"@floating-ui/dom@^1.0.0":
  version "1.0.3"
  resolved "https://registry.yarnpkg.com/@floating-ui/dom/-/dom-1.0.3.tgz#b439c8a66436c2cae8d97e889f0b76cce757a6ec"
  integrity sha512-6H1kwjkOZKabApNtXRiYHvMmYJToJ1DV7rQ3xc/WJpOABhQIOJJOdz2AOejj8X+gcybaFmBpisVTZxBZAM3V0w==
  dependencies:
    "@floating-ui/core" "^1.0.1"

"@floating-ui/react-dom-interactions@^0.10.1":
  version "0.10.2"
  resolved "https://registry.yarnpkg.com/@floating-ui/react-dom-interactions/-/react-dom-interactions-0.10.2.tgz#1a9c86f8bb9aa36b5926ae03d96de78579d2a70d"
  integrity sha512-KhF+UN+MVqUx1bG1fe0aAiBl1hbz07Uin6UW70mxwUDhaGpitM16CYvGri1EqGY4hnWK8TQknDSP8iQFOxjhsg==
  dependencies:
    "@floating-ui/react-dom" "^1.0.0"
    aria-hidden "^1.1.3"

"@floating-ui/react-dom@^1.0.0":
  version "1.0.0"
  resolved "https://registry.yarnpkg.com/@floating-ui/react-dom/-/react-dom-1.0.0.tgz#e0975966694433f1f0abffeee5d8e6bb69b7d16e"
  integrity sha512-uiOalFKPG937UCLm42RxjESTWUVpbbatvlphQAU6bsv+ence6IoVG8JOUZcy8eW81NkU+Idiwvx10WFLmR4MIg==
  dependencies:
    "@floating-ui/dom" "^1.0.0"

"@mantine/core@^5.6.3":
  version "5.6.3"
  resolved "https://registry.yarnpkg.com/@mantine/core/-/core-5.6.3.tgz#26128610c285cba9b23c5ccc5ed77fcf03e26774"
  integrity sha512-joEeRblARR/faeOjOeETY4l4osYEFfgZV0+i8BO7TyalZ+ONMUurYWJp0a5iX4Gf3M6uNO9lbBLlsOy2vDnNew==
  dependencies:
    "@floating-ui/react-dom-interactions" "^0.10.1"
    "@mantine/styles" "5.6.3"
    "@mantine/utils" "5.6.3"
    "@radix-ui/react-scroll-area" "1.0.0"
    react-textarea-autosize "8.3.4"

"@mantine/styles@5.6.3":
  version "5.6.3"
  resolved "https://registry.yarnpkg.com/@mantine/styles/-/styles-5.6.3.tgz#a78b873a6063af5c1c3d2637380ecb609a9e1252"
  integrity sha512-kgaEb1zTmZnSrcuY+ivEpBaaK9ELkWV/mBjjEVDc3fvRbcZioRFD/UUOhga4wLxU6TzLD/juAh1LPqZ3v3kwKQ==
  dependencies:
    clsx "1.1.1"
    csstype "3.0.9"

"@mantine/utils@5.6.3":
  version "5.6.3"
  resolved "https://registry.yarnpkg.com/@mantine/utils/-/utils-5.6.3.tgz#2634b91a5b033010e29657648dce31c9c6709567"
  integrity sha512-GrDvXJG7inJaQHjsfg8pOYFE/vNpHMKScQM0M4hKlDoVjXsQUPxw8Lx4A7jhmVf2eNJUqvOQ9A1jbO7W7bedcA==

"@radix-ui/number@1.0.0":
  version "1.0.0"
  resolved "https://registry.yarnpkg.com/@radix-ui/number/-/number-1.0.0.tgz#4c536161d0de750b3f5d55860fc3de46264f897b"
  integrity sha512-Ofwh/1HX69ZfJRiRBMTy7rgjAzHmwe4kW9C9Y99HTRUcYLUuVT0KESFj15rPjRgKJs20GPq8Bm5aEDJ8DuA3vA==
  dependencies:
    "@babel/runtime" "^7.13.10"

"@radix-ui/primitive@1.0.0":
  version "1.0.0"
  resolved "https://registry.yarnpkg.com/@radix-ui/primitive/-/primitive-1.0.0.tgz#e1d8ef30b10ea10e69c76e896f608d9276352253"
  integrity sha512-3e7rn8FDMin4CgeL7Z/49smCA3rFYY3Ha2rUQ7HRWFadS5iCRw08ZgVT1LaNTCNqgvrUiyczLflrVrF0SRQtNA==
  dependencies:
    "@babel/runtime" "^7.13.10"

"@radix-ui/react-compose-refs@1.0.0":
  version "1.0.0"
  resolved "https://registry.yarnpkg.com/@radix-ui/react-compose-refs/-/react-compose-refs-1.0.0.tgz#37595b1f16ec7f228d698590e78eeed18ff218ae"
  integrity sha512-0KaSv6sx787/hK3eF53iOkiSLwAGlFMx5lotrqD2pTjB18KbybKoEIgkNZTKC60YECDQTKGTRcDBILwZVqVKvA==
  dependencies:
    "@babel/runtime" "^7.13.10"

"@radix-ui/react-context@1.0.0":
  version "1.0.0"
  resolved "https://registry.yarnpkg.com/@radix-ui/react-context/-/react-context-1.0.0.tgz#f38e30c5859a9fb5e9aa9a9da452ee3ed9e0aee0"
  integrity sha512-1pVM9RfOQ+n/N5PJK33kRSKsr1glNxomxONs5c49MliinBY6Yw2Q995qfBUUo0/Mbg05B/sGA0gkgPI7kmSHBg==
  dependencies:
    "@babel/runtime" "^7.13.10"

"@radix-ui/react-direction@1.0.0":
  version "1.0.0"
  resolved "https://registry.yarnpkg.com/@radix-ui/react-direction/-/react-direction-1.0.0.tgz#a2e0b552352459ecf96342c79949dd833c1e6e45"
  integrity sha512-2HV05lGUgYcA6xgLQ4BKPDmtL+QbIZYH5fCOTAOOcJ5O0QbWS3i9lKaurLzliYUDhORI2Qr3pyjhJh44lKA3rQ==
  dependencies:
    "@babel/runtime" "^7.13.10"

"@radix-ui/react-presence@1.0.0":
  version "1.0.0"
  resolved "https://registry.yarnpkg.com/@radix-ui/react-presence/-/react-presence-1.0.0.tgz#814fe46df11f9a468808a6010e3f3ca7e0b2e84a"
  integrity sha512-A+6XEvN01NfVWiKu38ybawfHsBjWum42MRPnEuqPsBZ4eV7e/7K321B5VgYMPv3Xx5An6o1/l9ZuDBgmcmWK3w==
  dependencies:
    "@babel/runtime" "^7.13.10"
    "@radix-ui/react-compose-refs" "1.0.0"
    "@radix-ui/react-use-layout-effect" "1.0.0"

"@radix-ui/react-primitive@1.0.0":
  version "1.0.0"
  resolved "https://registry.yarnpkg.com/@radix-ui/react-primitive/-/react-primitive-1.0.0.tgz#376cd72b0fcd5e0e04d252ed33eb1b1f025af2b0"
  integrity sha512-EyXe6mnRlHZ8b6f4ilTDrXmkLShICIuOTTj0GX4w1rp+wSxf3+TD05u1UOITC8VsJ2a9nwHvdXtOXEOl0Cw/zQ==
  dependencies:
    "@babel/runtime" "^7.13.10"
    "@radix-ui/react-slot" "1.0.0"

"@radix-ui/react-scroll-area@1.0.0":
  version "1.0.0"
  resolved "https://registry.yarnpkg.com/@radix-ui/react-scroll-area/-/react-scroll-area-1.0.0.tgz#10d0262a52266af528798f36947145f7e3a3a52c"
  integrity sha512-3SNFukAjS5remgtpAVR9m3Zgo23ZojBZ8V3TCyR3A+56x2mtVqKlPV4+e8rScZUFMuvtbjIdQCmsJBFBazKZig==
  dependencies:
    "@babel/runtime" "^7.13.10"
    "@radix-ui/number" "1.0.0"
    "@radix-ui/primitive" "1.0.0"
    "@radix-ui/react-compose-refs" "1.0.0"
    "@radix-ui/react-context" "1.0.0"
    "@radix-ui/react-direction" "1.0.0"
    "@radix-ui/react-presence" "1.0.0"
    "@radix-ui/react-primitive" "1.0.0"
    "@radix-ui/react-use-callback-ref" "1.0.0"
    "@radix-ui/react-use-layout-effect" "1.0.0"

"@radix-ui/react-slot@1.0.0":
  version "1.0.0"
  resolved "https://registry.yarnpkg.com/@radix-ui/react-slot/-/react-slot-1.0.0.tgz#7fa805b99891dea1e862d8f8fbe07f4d6d0fd698"
  integrity sha512-3mrKauI/tWXo1Ll+gN5dHcxDPdm/Df1ufcDLCecn+pnCIVcdWE7CujXo8QaXOWRJyZyQWWbpB8eFwHzWXlv5mQ==
  dependencies:
    "@babel/runtime" "^7.13.10"
    "@radix-ui/react-compose-refs" "1.0.0"

"@radix-ui/react-use-callback-ref@1.0.0":
  version "1.0.0"
  resolved "https://registry.yarnpkg.com/@radix-ui/react-use-callback-ref/-/react-use-callback-ref-1.0.0.tgz#9e7b8b6b4946fe3cbe8f748c82a2cce54e7b6a90"
  integrity sha512-GZtyzoHz95Rhs6S63D2t/eqvdFCm7I+yHMLVQheKM7nBD8mbZIt+ct1jz4536MDnaOGKIxynJ8eHTkVGVVkoTg==
  dependencies:
    "@babel/runtime" "^7.13.10"

"@radix-ui/react-use-layout-effect@1.0.0":
  version "1.0.0"
  resolved "https://registry.yarnpkg.com/@radix-ui/react-use-layout-effect/-/react-use-layout-effect-1.0.0.tgz#2fc19e97223a81de64cd3ba1dc42ceffd82374dc"
  integrity sha512-6Tpkq+R6LOlmQb1R5NNETLG0B4YP0wc+klfXafpUCj6JGyaUc8il7/kUZ7m59rGbXGczE9Bs+iz2qloqsZBduQ==
  dependencies:
    "@babel/runtime" "^7.13.10"

"@types/node@^18.11.7":
  version "18.11.7"
  resolved "https://registry.yarnpkg.com/@types/node/-/node-18.11.7.tgz#8ccef136f240770c1379d50100796a6952f01f94"
  integrity sha512-LhFTglglr63mNXUSRYD8A+ZAIu5sFqNJ4Y2fPuY7UlrySJH87rRRlhtVmMHplmfk5WkoJGmDjE9oiTfyX94CpQ==

aria-hidden@^1.1.3:
  version "1.2.1"
  resolved "https://registry.yarnpkg.com/aria-hidden/-/aria-hidden-1.2.1.tgz#ad8c1edbde360b454eb2bf717ea02da00bfee0f8"
  integrity sha512-PN344VAf9j1EAi+jyVHOJ8XidQdPVssGco39eNcsGdM4wcsILtxrKLkbuiMfLWYROK1FjRQasMWCBttrhjnr6A==
  dependencies:
    tslib "^2.0.0"

clsx@1.1.1:
  version "1.1.1"
  resolved "https://registry.yarnpkg.com/clsx/-/clsx-1.1.1.tgz#98b3134f9abbdf23b2663491ace13c5c03a73188"
  integrity sha512-6/bPho624p3S2pMyvP5kKBPXnI3ufHLObBFCfgx+LkeR5lg2XYy2hqZqUf45ypD8COn2bhgGJSUE+l5dhNBieA==

csstype@3.0.9:
  version "3.0.9"
  resolved "https://registry.yarnpkg.com/csstype/-/csstype-3.0.9.tgz#6410af31b26bd0520933d02cbc64fce9ce3fbf0b"
  integrity sha512-rpw6JPxK6Rfg1zLOYCSwle2GFOOsnjmDYDaBwEcwoOg4qlsIVCN789VkBZDJAGi4T07gI4YSutR43t9Zz4Lzuw==

react-textarea-autosize@8.3.4:
  version "8.3.4"
  resolved "https://registry.yarnpkg.com/react-textarea-autosize/-/react-textarea-autosize-8.3.4.tgz#270a343de7ad350534141b02c9cb78903e553524"
  integrity sha512-CdtmP8Dc19xL8/R6sWvtknD/eCXkQr30dtvC4VmGInhRsfF8X/ihXCq6+9l9qbxmKRiq407/7z5fxE7cVWQNgQ==
  dependencies:
    "@babel/runtime" "^7.10.2"
    use-composed-ref "^1.3.0"
    use-latest "^1.2.1"

regenerator-runtime@^0.13.10:
  version "0.13.10"
  resolved "https://registry.yarnpkg.com/regenerator-runtime/-/regenerator-runtime-0.13.10.tgz#ed07b19616bcbec5da6274ebc75ae95634bfc2ee"
  integrity sha512-KepLsg4dU12hryUO7bp/axHAKvwGOCV0sGloQtpagJ12ai+ojVDqkeGSiRX1zlq+kjIMZ1t7gpze+26QqtdGqw==

tsc@^2.0.4:
  version "2.0.4"
  resolved "https://registry.yarnpkg.com/tsc/-/tsc-2.0.4.tgz#5f6499146abea5dca4420b451fa4f2f9345238f5"
  integrity sha512-fzoSieZI5KKJVBYGvwbVZs/J5za84f2lSTLPYf6AGiIf43tZ3GNrI1QzTLcjtyDDP4aLxd46RTZq1nQxe7+k5Q==

tslib@^2.0.0:
  version "2.4.0"
  resolved "https://registry.yarnpkg.com/tslib/-/tslib-2.4.0.tgz#7cecaa7f073ce680a05847aa77be941098f36dc3"
  integrity sha512-d6xOpEDfsi2CZVlPQzGeux8XMwLT9hssAsaPYExaQMuYskwb+x1x7J371tWlbBdWHroy99KnVB6qIkUbs5X3UQ==

typescript@^4.8.4:
  version "4.8.4"
  resolved "https://registry.yarnpkg.com/typescript/-/typescript-4.8.4.tgz#c464abca159669597be5f96b8943500b238e60e6"
  integrity sha512-QCh+85mCy+h0IGff8r5XWzOVSbBO+KfeYrMQh7NJ58QujwcE22u+NUSmUxqF+un70P9GXKxa2HCNiTTMJknyjQ==

use-composed-ref@^1.3.0:
  version "1.3.0"
  resolved "https://registry.yarnpkg.com/use-composed-ref/-/use-composed-ref-1.3.0.tgz#3d8104db34b7b264030a9d916c5e94fbe280dbda"
  integrity sha512-GLMG0Jc/jiKov/3Ulid1wbv3r54K9HlMW29IWcDFPEqFkSO2nS0MuefWgMJpeHQ9YJeXDL3ZUF+P3jdXlZX/cQ==

use-isomorphic-layout-effect@^1.1.1:
  version "1.1.2"
  resolved "https://registry.yarnpkg.com/use-isomorphic-layout-effect/-/use-isomorphic-layout-effect-1.1.2.tgz#497cefb13d863d687b08477d9e5a164ad8c1a6fb"
  integrity sha512-49L8yCO3iGT/ZF9QttjwLF/ZD9Iwto5LnH5LmEdk/6cFmXddqi2ulF0edxTwjj+7mqvpVVGQWvbXZdn32wRSHA==

use-latest@^1.2.1:
  version "1.2.1"
  resolved "https://registry.yarnpkg.com/use-latest/-/use-latest-1.2.1.tgz#d13dfb4b08c28e3e33991546a2cee53e14038cf2"
  integrity sha512-xA+AVm/Wlg3e2P/JiItTziwS7FK92LWrDB0p+hgXloIMuVCeJJ8v6f0eeHyPZaJrM+usM1FkFfbNCrJGs8A/zw==
  dependencies:
    use-isomorphic-layout-effect "^1.1.1"
